// !$*UTF8*$!
{
	archiveVersion = 1;
	classes = {
	};
	objectVersion = 50;
	objects = {

/* Begin PBXBuildFile section */
		2B1057082317E61A00ADC639 /* AppDelegate.swift in Sources */ = {isa = PBXBuildFile; fileRef = 2B1057072317E61A00ADC639 /* AppDelegate.swift */; };
		2B10570A2317E61A00ADC639 /* ViewController.swift in Sources */ = {isa = PBXBuildFile; fileRef = 2B1057092317E61A00ADC639 /* ViewController.swift */; };
		2B10570D2317E61A00ADC639 /* Main.storyboard in Resources */ = {isa = PBXBuildFile; fileRef = 2B10570B2317E61A00ADC639 /* Main.storyboard */; };
		2B10570F2317E62100ADC639 /* Assets.xcassets in Resources */ = {isa = PBXBuildFile; fileRef = 2B10570E2317E62100ADC639 /* Assets.xcassets */; };
		2B1057122317E62100ADC639 /* LaunchScreen.storyboard in Resources */ = {isa = PBXBuildFile; fileRef = 2B1057102317E62100ADC639 /* LaunchScreen.storyboard */; };
		2B10571D2317E62100ADC639 /* AnagramsTests.swift in Sources */ = {isa = PBXBuildFile; fileRef = 2B10571C2317E62100ADC639 /* AnagramsTests.swift */; };
		2B1057282317E62100ADC639 /* AnagramsUITests.swift in Sources */ = {isa = PBXBuildFile; fileRef = 2B1057272317E62100ADC639 /* AnagramsUITests.swift */; };
/* End PBXBuildFile section */

/* Begin PBXContainerItemProxy section */
		2B1057192317E62100ADC639 /* PBXContainerItemProxy */ = {
			isa = PBXContainerItemProxy;
			containerPortal = 2B1056FC2317E61A00ADC639 /* Project object */;
			proxyType = 1;
			remoteGlobalIDString = 2B1057032317E61A00ADC639;
			remoteInfo = Anagrams;
		};
		2B1057242317E62100ADC639 /* PBXContainerItemProxy */ = {
			isa = PBXContainerItemProxy;
			containerPortal = 2B1056FC2317E61A00ADC639 /* Project object */;
			proxyType = 1;
			remoteGlobalIDString = 2B1057032317E61A00ADC639;
			remoteInfo = Anagrams;
		};
/* End PBXContainerItemProxy section */

/* Begin PBXFileReference section */
		2B1057042317E61A00ADC639 /* Anagrams.app */ = {isa = PBXFileReference; explicitFileType = wrapper.application; includeInIndex = 0; path = Anagrams.app; sourceTree = BUILT_PRODUCTS_DIR; };
		2B1057072317E61A00ADC639 /* AppDelegate.swift */ = {isa = PBXFileReference; lastKnownFileType = sourcecode.swift; path = AppDelegate.swift; sourceTree = "<group>"; };
		2B1057092317E61A00ADC639 /* ViewController.swift */ = {isa = PBXFileReference; lastKnownFileType = sourcecode.swift; path = ViewController.swift; sourceTree = "<group>"; };
		2B10570C2317E61A00ADC639 /* Base */ = {isa = PBXFileReference; lastKnownFileType = file.storyboard; name = Base; path = Base.lproj/Main.storyboard; sourceTree = "<group>"; };
		2B10570E2317E62100ADC639 /* Assets.xcassets */ = {isa = PBXFileReference; lastKnownFileType = folder.assetcatalog; path = Assets.xcassets; sourceTree = "<group>"; };
		2B1057112317E62100ADC639 /* Base */ = {isa = PBXFileReference; lastKnownFileType = file.storyboard; name = Base; path = Base.lproj/LaunchScreen.storyboard; sourceTree = "<group>"; };
		2B1057132317E62100ADC639 /* Info.plist */ = {isa = PBXFileReference; lastKnownFileType = text.plist.xml; path = Info.plist; sourceTree = "<group>"; };
		2B1057182317E62100ADC639 /* AnagramsTests.xctest */ = {isa = PBXFileReference; explicitFileType = wrapper.cfbundle; includeInIndex = 0; path = AnagramsTests.xctest; sourceTree = BUILT_PRODUCTS_DIR; };
		2B10571C2317E62100ADC639 /* AnagramsTests.swift */ = {isa = PBXFileReference; lastKnownFileType = sourcecode.swift; path = AnagramsTests.swift; sourceTree = "<group>"; };
		2B10571E2317E62100ADC639 /* Info.plist */ = {isa = PBXFileReference; lastKnownFileType = text.plist.xml; path = Info.plist; sourceTree = "<group>"; };
		2B1057232317E62100ADC639 /* AnagramsUITests.xctest */ = {isa = PBXFileReference; explicitFileType = wrapper.cfbundle; includeInIndex = 0; path = AnagramsUITests.xctest; sourceTree = BUILT_PRODUCTS_DIR; };
		2B1057272317E62100ADC639 /* AnagramsUITests.swift */ = {isa = PBXFileReference; lastKnownFileType = sourcecode.swift; path = AnagramsUITests.swift; sourceTree = "<group>"; };
		2B1057292317E62100ADC639 /* Info.plist */ = {isa = PBXFileReference; lastKnownFileType = text.plist.xml; path = Info.plist; sourceTree = "<group>"; };
/* End PBXFileReference section */

/* Begin PBXFrameworksBuildPhase section */
		2B1057012317E61A00ADC639 /* Frameworks */ = {
			isa = PBXFrameworksBuildPhase;
			buildActionMask = 2147483647;
			files = (
			);
			runOnlyForDeploymentPostprocessing = 0;
		};
		2B1057152317E62100ADC639 /* Frameworks */ = {
			isa = PBXFrameworksBuildPhase;
			buildActionMask = 2147483647;
			files = (
			);
			runOnlyForDeploymentPostprocessing = 0;
		};
		2B1057202317E62100ADC639 /* Frameworks */ = {
			isa = PBXFrameworksBuildPhase;
			buildActionMask = 2147483647;
			files = (
			);
			runOnlyForDeploymentPostprocessing = 0;
		};
/* End PBXFrameworksBuildPhase section */

/* Begin PBXGroup section */
		2B1056FB2317E61A00ADC639 = {
			isa = PBXGroup;
			children = (
				2B1057062317E61A00ADC639 /* Anagrams */,
				2B10571B2317E62100ADC639 /* AnagramsTests */,
				2B1057262317E62100ADC639 /* AnagramsUITests */,
				2B1057052317E61A00ADC639 /* Products */,
			);
			sourceTree = "<group>";
		};
		2B1057052317E61A00ADC639 /* Products */ = {
			isa = PBXGroup;
			children = (
				2B1057042317E61A00ADC639 /* Anagrams.app */,
				2B1057182317E62100ADC639 /* AnagramsTests.xctest */,
				2B1057232317E62100ADC639 /* AnagramsUITests.xctest */,
			);
			name = Products;
			sourceTree = "<group>";
		};
		2B1057062317E61A00ADC639 /* Anagrams */ = {
			isa = PBXGroup;
			children = (
				2B1057072317E61A00ADC639 /* AppDelegate.swift */,
				2B1057092317E61A00ADC639 /* ViewController.swift */,
				2B10570B2317E61A00ADC639 /* Main.storyboard */,
				2B10570E2317E62100ADC639 /* Assets.xcassets */,
				2B1057102317E62100ADC639 /* LaunchScreen.storyboard */,
				2B1057132317E62100ADC639 /* Info.plist */,
			);
			path = Anagrams;
			sourceTree = "<group>";
		};
		2B10571B2317E62100ADC639 /* AnagramsTests */ = {
			isa = PBXGroup;
			children = (
				2B10571C2317E62100ADC639 /* AnagramsTests.swift */,
				2B10571E2317E62100ADC639 /* Info.plist */,
			);
			path = AnagramsTests;
			sourceTree = "<group>";
		};
		2B1057262317E62100ADC639 /* AnagramsUITests */ = {
			isa = PBXGroup;
			children = (
				2B1057272317E62100ADC639 /* AnagramsUITests.swift */,
				2B1057292317E62100ADC639 /* Info.plist */,
			);
			path = AnagramsUITests;
			sourceTree = "<group>";
		};
/* End PBXGroup section */

/* Begin PBXNativeTarget section */
		2B1057032317E61A00ADC639 /* Anagrams */ = {
			isa = PBXNativeTarget;
			buildConfigurationList = 2B10572C2317E62100ADC639 /* Build configuration list for PBXNativeTarget "Anagrams" */;
			buildPhases = (
				2B1057002317E61A00ADC639 /* Sources */,
				2B1057012317E61A00ADC639 /* Frameworks */,
				2B1057022317E61A00ADC639 /* Resources */,
			);
			buildRules = (
			);
			dependencies = (
			);
			name = Anagrams;
			productName = Anagrams;
			productReference = 2B1057042317E61A00ADC639 /* Anagrams.app */;
			productType = "com.apple.product-type.application";
		};
		2B1057172317E62100ADC639 /* AnagramsTests */ = {
			isa = PBXNativeTarget;
			buildConfigurationList = 2B10572F2317E62100ADC639 /* Build configuration list for PBXNativeTarget "AnagramsTests" */;
			buildPhases = (
				2B1057142317E62100ADC639 /* Sources */,
				2B1057152317E62100ADC639 /* Frameworks */,
				2B1057162317E62100ADC639 /* Resources */,
			);
			buildRules = (
			);
			dependencies = (
				2B10571A2317E62100ADC639 /* PBXTargetDependency */,
			);
			name = AnagramsTests;
			productName = AnagramsTests;
			productReference = 2B1057182317E62100ADC639 /* AnagramsTests.xctest */;
			productType = "com.apple.product-type.bundle.unit-test";
		};
		2B1057222317E62100ADC639 /* AnagramsUITests */ = {
			isa = PBXNativeTarget;
			buildConfigurationList = 2B1057322317E62100ADC639 /* Build configuration list for PBXNativeTarget "AnagramsUITests" */;
			buildPhases = (
				2B10571F2317E62100ADC639 /* Sources */,
				2B1057202317E62100ADC639 /* Frameworks */,
				2B1057212317E62100ADC639 /* Resources */,
			);
			buildRules = (
			);
			dependencies = (
				2B1057252317E62100ADC639 /* PBXTargetDependency */,
			);
			name = AnagramsUITests;
			productName = AnagramsUITests;
			productReference = 2B1057232317E62100ADC639 /* AnagramsUITests.xctest */;
			productType = "com.apple.product-type.bundle.ui-testing";
		};
/* End PBXNativeTarget section */

/* Begin PBXProject section */
		2B1056FC2317E61A00ADC639 /* Project object */ = {
			isa = PBXProject;
			attributes = {
				LastSwiftUpdateCheck = 1010;
				LastUpgradeCheck = 1010;
				ORGANIZATIONNAME = TempestCode;
				TargetAttributes = {
					2B1057032317E61A00ADC639 = {
						CreatedOnToolsVersion = 10.1;
					};
					2B1057172317E62100ADC639 = {
						CreatedOnToolsVersion = 10.1;
						TestTargetID = 2B1057032317E61A00ADC639;
					};
					2B1057222317E62100ADC639 = {
						CreatedOnToolsVersion = 10.1;
						TestTargetID = 2B1057032317E61A00ADC639;
					};
				};
			};
			buildConfigurationList = 2B1056FF2317E61A00ADC639 /* Build configuration list for PBXProject "Anagrams" */;
			compatibilityVersion = "Xcode 9.3";
			developmentRegion = en;
			hasScannedForEncodings = 0;
			knownRegions = (
				en,
				Base,
			);
			mainGroup = 2B1056FB2317E61A00ADC639;
			productRefGroup = 2B1057052317E61A00ADC639 /* Products */;
			projectDirPath = "";
			projectRoot = "";
			targets = (
				2B1057032317E61A00ADC639 /* Anagrams */,
				2B1057172317E62100ADC639 /* AnagramsTests */,
				2B1057222317E62100ADC639 /* AnagramsUITests */,
			);
		};
/* End PBXProject section */

/* Begin PBXResourcesBuildPhase section */
		2B1057022317E61A00ADC639 /* Resources */ = {
			isa = PBXResourcesBuildPhase;
			buildActionMask = 2147483647;
			files = (
				2B1057122317E62100ADC639 /* LaunchScreen.storyboard in Resources */,
				2B10570F2317E62100ADC639 /* Assets.xcassets in Resources */,
				2B10570D2317E61A00ADC639 /* Main.storyboard in Resources */,
			);
			runOnlyForDeploymentPostprocessing = 0;
		};
		2B1057162317E62100ADC639 /* Resources */ = {
			isa = PBXResourcesBuildPhase;
			buildActionMask = 2147483647;
			files = (
			);
			runOnlyForDeploymentPostprocessing = 0;
		};
		2B1057212317E62100ADC639 /* Resources */ = {
			isa = PBXResourcesBuildPhase;
			buildActionMask = 2147483647;
			files = (
			);
			runOnlyForDeploymentPostprocessing = 0;
		};
/* End PBXResourcesBuildPhase section */

/* Begin PBXSourcesBuildPhase section */
		2B1057002317E61A00ADC639 /* Sources */ = {
			isa = PBXSourcesBuildPhase;
			buildActionMask = 2147483647;
			files = (
				2B10570A2317E61A00ADC639 /* ViewController.swift in Sources */,
				2B1057082317E61A00ADC639 /* AppDelegate.swift in Sources */,
			);
			runOnlyForDeploymentPostprocessing = 0;
		};
		2B1057142317E62100ADC639 /* Sources */ = {
			isa = PBXSourcesBuildPhase;
			buildActionMask = 2147483647;
			files = (
				2B10571D2317E62100ADC639 /* AnagramsTests.swift in Sources */,
			);
			runOnlyForDeploymentPostprocessing = 0;
		};
		2B10571F2317E62100ADC639 /* Sources */ = {
			isa = PBXSourcesBuildPhase;
			buildActionMask = 2147483647;
			files = (
				2B1057282317E62100ADC639 /* AnagramsUITests.swift in Sources */,
			);
			runOnlyForDeploymentPostprocessing = 0;
		};
/* End PBXSourcesBuildPhase section */

/* Begin PBXTargetDependency section */
		2B10571A2317E62100ADC639 /* PBXTargetDependency */ = {
			isa = PBXTargetDependency;
			target = 2B1057032317E61A00ADC639 /* Anagrams */;
			targetProxy = 2B1057192317E62100ADC639 /* PBXContainerItemProxy */;
		};
		2B1057252317E62100ADC639 /* PBXTargetDependency */ = {
			isa = PBXTargetDependency;
			target = 2B1057032317E61A00ADC639 /* Anagrams */;
			targetProxy = 2B1057242317E62100ADC639 /* PBXContainerItemProxy */;
		};
/* End PBXTargetDependency section */

/* Begin PBXVariantGroup section */
		2B10570B2317E61A00ADC639 /* Main.storyboard */ = {
			isa = PBXVariantGroup;
			children = (
				2B10570C2317E61A00ADC639 /* Base */,
			);
			name = Main.storyboard;
			sourceTree = "<group>";
		};
		2B1057102317E62100ADC639 /* LaunchScreen.storyboard */ = {
			isa = PBXVariantGroup;
			children = (
				2B1057112317E62100ADC639 /* Base */,
			);
			name = LaunchScreen.storyboard;
			sourceTree = "<group>";
		};
/* End PBXVariantGroup section */

/* Begin XCBuildConfiguration section */
		2B10572A2317E62100ADC639 /* Debug */ = {
			isa = XCBuildConfiguration;
			buildSettings = {
				ALWAYS_SEARCH_USER_PATHS = NO;
				CLANG_ANALYZER_NONNULL = YES;
				CLANG_ANALYZER_NUMBER_OBJECT_CONVERSION = YES_AGGRESSIVE;
				CLANG_CXX_LANGUAGE_STANDARD = "gnu++14";
				CLANG_CXX_LIBRARY = "libc++";
				CLANG_ENABLE_MODULES = YES;
				CLANG_ENABLE_OBJC_ARC = YES;
				CLANG_ENABLE_OBJC_WEAK = YES;
				CLANG_WARN_BLOCK_CAPTURE_AUTORELEASING = YES;
				CLANG_WARN_BOOL_CONVERSION = YES;
				CLANG_WARN_COMMA = YES;
				CLANG_WARN_CONSTANT_CONVERSION = YES;
				CLANG_WARN_DEPRECATED_OBJC_IMPLEMENTATIONS = YES;
				CLANG_WARN_DIRECT_OBJC_ISA_USAGE = YES_ERROR;
				CLANG_WARN_DOCUMENTATION_COMMENTS = YES;
				CLANG_WARN_EMPTY_BODY = YES;
				CLANG_WARN_ENUM_CONVERSION = YES;
				CLANG_WARN_INFINITE_RECURSION = YES;
				CLANG_WARN_INT_CONVERSION = YES;
				CLANG_WARN_NON_LITERAL_NULL_CONVERSION = YES;
				CLANG_WARN_OBJC_IMPLICIT_RETAIN_SELF = YES;
				CLANG_WARN_OBJC_LITERAL_CONVERSION = YES;
				CLANG_WARN_OBJC_ROOT_CLASS = YES_ERROR;
				CLANG_WARN_RANGE_LOOP_ANALYSIS = YES;
				CLANG_WARN_STRICT_PROTOTYPES = YES;
				CLANG_WARN_SUSPICIOUS_MOVE = YES;
				CLANG_WARN_UNGUARDED_AVAILABILITY = YES_AGGRESSIVE;
				CLANG_WARN_UNREACHABLE_CODE = YES;
				CLANG_WARN__DUPLICATE_METHOD_MATCH = YES;
				CODE_SIGN_IDENTITY = "iPhone Developer";
				COPY_PHASE_STRIP = NO;
				DEBUG_INFORMATION_FORMAT = dwarf;
				ENABLE_STRICT_OBJC_MSGSEND = YES;
				ENABLE_TESTABILITY = YES;
				GCC_C_LANGUAGE_STANDARD = gnu11;
				GCC_DYNAMIC_NO_PIC = NO;
				GCC_NO_COMMON_BLOCKS = YES;
				GCC_OPTIMIZATION_LEVEL = 0;
				GCC_PREPROCESSOR_DEFINITIONS = (
					"DEBUG=1",
					"$(inherited)",
				);
				GCC_WARN_64_TO_32_BIT_CONVERSION = YES;
				GCC_WARN_ABOUT_RETURN_TYPE = YES_ERROR;
				GCC_WARN_UNDECLARED_SELECTOR = YES;
				GCC_WARN_UNINITIALIZED_AUTOS = YES_AGGRESSIVE;
				GCC_WARN_UNUSED_FUNCTION = YES;
				GCC_WARN_UNUSED_VARIABLE = YES;
				IPHONEOS_DEPLOYMENT_TARGET = 12.1;
				MTL_ENABLE_DEBUG_INFO = INCLUDE_SOURCE;
				MTL_FAST_MATH = YES;
				ONLY_ACTIVE_ARCH = YES;
				SDKROOT = iphoneos;
				SWIFT_ACTIVE_COMPILATION_CONDITIONS = DEBUG;
				SWIFT_OPTIMIZATION_LEVEL = "-Onone";
			};
			name = Debug;
		};
		2B10572B2317E62100ADC639 /* Release */ = {
			isa = XCBuildConfiguration;
			buildSettings = {
				ALWAYS_SEARCH_USER_PATHS = NO;
				CLANG_ANALYZER_NONNULL = YES;
				CLANG_ANALYZER_NUMBER_OBJECT_CONVERSION = YES_AGGRESSIVE;
				CLANG_CXX_LANGUAGE_STANDARD = "gnu++14";
				CLANG_CXX_LIBRARY = "libc++";
				CLANG_ENABLE_MODULES = YES;
				CLANG_ENABLE_OBJC_ARC = YES;
				CLANG_ENABLE_OBJC_WEAK = YES;
				CLANG_WARN_BLOCK_CAPTURE_AUTORELEASING = YES;
				CLANG_WARN_BOOL_CONVERSION = YES;
				CLANG_WARN_COMMA = YES;
				CLANG_WARN_CONSTANT_CONVERSION = YES;
				CLANG_WARN_DEPRECATED_OBJC_IMPLEMENTATIONS = YES;
				CLANG_WARN_DIRECT_OBJC_ISA_USAGE = YES_ERROR;
				CLANG_WARN_DOCUMENTATION_COMMENTS = YES;
				CLANG_WARN_EMPTY_BODY = YES;
				CLANG_WARN_ENUM_CONVERSION = YES;
				CLANG_WARN_INFINITE_RECURSION = YES;
				CLANG_WARN_INT_CONVERSION = YES;
				CLANG_WARN_NON_LITERAL_NULL_CONVERSION = YES;
				CLANG_WARN_OBJC_IMPLICIT_RETAIN_SELF = YES;
				CLANG_WARN_OBJC_LITERAL_CONVERSION = YES;
				CLANG_WARN_OBJC_ROOT_CLASS = YES_ERROR;
				CLANG_WARN_RANGE_LOOP_ANALYSIS = YES;
				CLANG_WARN_STRICT_PROTOTYPES = YES;
				CLANG_WARN_SUSPICIOUS_MOVE = YES;
				CLANG_WARN_UNGUARDED_AVAILABILITY = YES_AGGRESSIVE;
				CLANG_WARN_UNREACHABLE_CODE = YES;
				CLANG_WARN__DUPLICATE_METHOD_MATCH = YES;
				CODE_SIGN_IDENTITY = "iPhone Developer";
				COPY_PHASE_STRIP = NO;
				DEBUG_INFORMATION_FORMAT = "dwarf-with-dsym";
				ENABLE_NS_ASSERTIONS = NO;
				ENABLE_STRICT_OBJC_MSGSEND = YES;
				GCC_C_LANGUAGE_STANDARD = gnu11;
				GCC_NO_COMMON_BLOCKS = YES;
				GCC_WARN_64_TO_32_BIT_CONVERSION = YES;
				GCC_WARN_ABOUT_RETURN_TYPE = YES_ERROR;
				GCC_WARN_UNDECLARED_SELECTOR = YES;
				GCC_WARN_UNINITIALIZED_AUTOS = YES_AGGRESSIVE;
				GCC_WARN_UNUSED_FUNCTION = YES;
				GCC_WARN_UNUSED_VARIABLE = YES;
				IPHONEOS_DEPLOYMENT_TARGET = 12.1;
				MTL_ENABLE_DEBUG_INFO = NO;
				MTL_FAST_MATH = YES;
				SDKROOT = iphoneos;
				SWIFT_COMPILATION_MODE = wholemodule;
				SWIFT_OPTIMIZATION_LEVEL = "-O";
				VALIDATE_PRODUCT = YES;
			};
			name = Release;
		};
		2B10572D2317E62100ADC639 /* Debug */ = {
			isa = XCBuildConfiguration;
			buildSettings = {
				ASSETCATALOG_COMPILER_APPICON_NAME = AppIcon;
				CODE_SIGN_STYLE = Automatic;
				DEVELOPMENT_TEAM = RY67LZ49K9;
				INFOPLIST_FILE = Anagrams/Info.plist;
				LD_RUNPATH_SEARCH_PATHS = (
					"$(inherited)",
					"@executable_path/Frameworks",
				);
				PRODUCT_BUNDLE_IDENTIFIER = TempestCode.Anagrams;
				PRODUCT_NAME = "$(TARGET_NAME)";
				SWIFT_VERSION = 4.2;
				TARGETED_DEVICE_FAMILY = "1,2";
			};
			name = Debug;
		};
		2B10572E2317E62100ADC639 /* Release */ = {
			isa = XCBuildConfiguration;
			buildSettings = {
				ASSETCATALOG_COMPILER_APPICON_NAME = AppIcon;
				CODE_SIGN_STYLE = Automatic;
				DEVELOPMENT_TEAM = RY67LZ49K9;
				INFOPLIST_FILE = Anagrams/Info.plist;
				LD_RUNPATH_SEARCH_PATHS = (
					"$(inherited)",
					"@executable_path/Frameworks",
				);
				PRODUCT_BUNDLE_IDENTIFIER = TempestCode.Anagrams;
				PRODUCT_NAME = "$(TARGET_NAME)";
				SWIFT_VERSION = 4.2;
				TARGETED_DEVICE_FAMILY = "1,2";
			};
			name = Release;
		};
		2B1057302317E62100ADC639 /* Debug */ = {
			isa = XCBuildConfiguration;
			buildSettings = {
				ALWAYS_EMBED_SWIFT_STANDARD_LIBRARIES = YES;
				BUNDLE_LOADER = "$(TEST_HOST)";
				CODE_SIGN_STYLE = Automatic;
				DEVELOPMENT_TEAM = RY67LZ49K9;
				INFOPLIST_FILE = AnagramsTests/Info.plist;
				LD_RUNPATH_SEARCH_PATHS = (
					"$(inherited)",
					"@executable_path/Frameworks",
					"@loader_path/Frameworks",
				);
				PRODUCT_BUNDLE_IDENTIFIER = TempestCode.AnagramsTests;
				PRODUCT_NAME = "$(TARGET_NAME)";
				SWIFT_VERSION = 4.2;
				TARGETED_DEVICE_FAMILY = "1,2";
				TEST_HOST = "$(BUILT_PRODUCTS_DIR)/Anagrams.app/Anagrams";
			};
			name = Debug;
		};
		2B1057312317E62100ADC639 /* Release */ = {
			isa = XCBuildConfiguration;
			buildSettings = {
				ALWAYS_EMBED_SWIFT_STANDARD_LIBRARIES = YES;
				BUNDLE_LOADER = "$(TEST_HOST)";
				CODE_SIGN_STYLE = Automatic;
				DEVELOPMENT_TEAM = RY67LZ49K9;
				INFOPLIST_FILE = AnagramsTests/Info.plist;
				LD_RUNPATH_SEARCH_PATHS = (
					"$(inherited)",
					"@executable_path/Frameworks",
					"@loader_path/Frameworks",
				);
				PRODUCT_BUNDLE_IDENTIFIER = TempestCode.AnagramsTests;
				PRODUCT_NAME = "$(TARGET_NAME)";
				SWIFT_VERSION = 4.2;
				TARGETED_DEVICE_FAMILY = "1,2";
				TEST_HOST = "$(BUILT_PRODUCTS_DIR)/Anagrams.app/Anagrams";
			};
			name = Release;
		};
		2B1057332317E62100ADC639 /* Debug */ = {
			isa = XCBuildConfiguration;
			buildSettings = {
				ALWAYS_EMBED_SWIFT_STANDARD_LIBRARIES = YES;
				CODE_SIGN_STYLE = Automatic;
				DEVELOPMENT_TEAM = RY67LZ49K9;
				INFOPLIST_FILE = AnagramsUITests/Info.plist;
				LD_RUNPATH_SEARCH_PATHS = (
					"$(inherited)",
					"@executable_path/Frameworks",
					"@loader_path/Frameworks",
				);
				PRODUCT_BUNDLE_IDENTIFIER = TempestCode.AnagramsUITests;
				PRODUCT_NAME = "$(TARGET_NAME)";
				SWIFT_VERSION = 4.2;
				TARGETED_DEVICE_FAMILY = "1,2";
				TEST_TARGET_NAME = Anagrams;
			};
			name = Debug;
		};
		2B1057342317E62100ADC639 /* Release */ = {
			isa = XCBuildConfiguration;
			buildSettings = {
				ALWAYS_EMBED_SWIFT_STANDARD_LIBRARIES = YES;
				CODE_SIGN_STYLE = Automatic;
				DEVELOPMENT_TEAM = RY67LZ49K9;
				INFOPLIST_FILE = AnagramsUITests/Info.plist;
				LD_RUNPATH_SEARCH_PATHS = (
					"$(inherited)",
					"@executable_path/Frameworks",
					"@loader_path/Frameworks",
				);
				PRODUCT_BUNDLE_IDENTIFIER = TempestCode.AnagramsUITests;
				PRODUCT_NAME = "$(TARGET_NAME)";
				SWIFT_VERSION = 4.2;
				TARGETED_DEVICE_FAMILY = "1,2";
				TEST_TARGET_NAME = Anagrams;
			};
			name = Release;
		};
/* End XCBuildConfiguration section */

/* Begin XCConfigurationList section */
		2B1056FF2317E61A00ADC639 /* Build configuration list for PBXProject "Anagrams" */ = {
			isa = XCConfigurationList;
			buildConfigurations = (
				2B10572A2317E62100ADC639 /* Debug */,
				2B10572B2317E62100ADC639 /* Release */,
			);
			defaultConfigurationIsVisible = 0;
			defaultConfigurationName = Release;
		};
		2B10572C2317E62100ADC639 /* Build configuration list for PBXNativeTarget "Anagrams" */ = {
			isa = XCConfigurationList;
			buildConfigurations = (
				2B10572D2317E62100ADC639 /* Debug */,
				2B10572E2317E62100ADC639 /* Release */,
			);
			defaultConfigurationIsVisible = 0;
			defaultConfigurationName = Release;
		};
		2B10572F2317E62100ADC639 /* Build configuration list for PBXNativeTarget "AnagramsTests" */ = {
			isa = XCConfigurationList;
			buildConfigurations = (
				2B1057302317E62100ADC639 /* Debug */,
				2B1057312317E62100ADC639 /* Release */,
			);
			defaultConfigurationIsVisible = 0;
			defaultConfigurationName = Release;
		};
		2B1057322317E62100ADC639 /* Build configuration list for PBXNativeTarget "AnagramsUITests" */ = {
			isa = XCConfigurationList;
			buildConfigurations = (
				2B1057332317E62100ADC639 /* Debug */,
				2B1057342317E62100ADC639 /* Release */,
			);
			defaultConfigurationIsVisible = 0;
			defaultConfigurationName = Release;
		};
/* End XCConfigurationList section */
	};
	rootObject = 2B1056FC2317E61A00ADC639 /* Project object */;
}
